// !$*UTF8*$!
{
	archiveVersion = 1;
	classes = {
	};
	objectVersion = 46;
	objects = {

/* Begin PBXBuildFile section */
		1718D1921CFD96060025A3E1 /* AppDelegate.swift in Sources */ = {isa = PBXBuildFile; fileRef = 1718D1911CFD96060025A3E1 /* AppDelegate.swift */; };
		1718D1941CFD96060025A3E1 /* ViewController.swift in Sources */ = {isa = PBXBuildFile; fileRef = 1718D1931CFD96060025A3E1 /* ViewController.swift */; };
		1718D1991CFD96060025A3E1 /* Assets.xcassets in Resources */ = {isa = PBXBuildFile; fileRef = 1718D1981CFD96060025A3E1 /* Assets.xcassets */; };
		1718D19C1CFD96060025A3E1 /* LaunchScreen.storyboard in Resources */ = {isa = PBXBuildFile; fileRef = 1718D19A1CFD96060025A3E1 /* LaunchScreen.storyboard */; };
		1718D1A71CFD96060025A3E1 /* Onboarding_AppTests.swift in Sources */ = {isa = PBXBuildFile; fileRef = 1718D1A61CFD96060025A3E1 /* Onboarding_AppTests.swift */; };
		1718D1B21CFD96060025A3E1 /* Onboarding_AppUITests.swift in Sources */ = {isa = PBXBuildFile; fileRef = 1718D1B11CFD96060025A3E1 /* Onboarding_AppUITests.swift */; };
		1718D1C31CFD969B0025A3E1 /* LandingViewController.swift in Sources */ = {isa = PBXBuildFile; fileRef = 1718D1C11CFD969B0025A3E1 /* LandingViewController.swift */; };
		1718D1C41CFD969B0025A3E1 /* LandingViewController.xib in Resources */ = {isa = PBXBuildFile; fileRef = 1718D1C21CFD969B0025A3E1 /* LandingViewController.xib */; };
		1718D1C71CFD98AA0025A3E1 /* LoginViewController.swift in Sources */ = {isa = PBXBuildFile; fileRef = 1718D1C51CFD98AA0025A3E1 /* LoginViewController.swift */; };
		1718D1C81CFD98AA0025A3E1 /* LoginViewController.xib in Resources */ = {isa = PBXBuildFile; fileRef = 1718D1C61CFD98AA0025A3E1 /* LoginViewController.xib */; };
		1718D1CB1CFD98C10025A3E1 /* RegistrationViewController.swift in Sources */ = {isa = PBXBuildFile; fileRef = 1718D1C91CFD98C10025A3E1 /* RegistrationViewController.swift */; };
		1718D1CC1CFD98C10025A3E1 /* RegistrationViewController.xib in Resources */ = {isa = PBXBuildFile; fileRef = 1718D1CA1CFD98C10025A3E1 /* RegistrationViewController.xib */; };
		1718D1CE1CFD9F070025A3E1 /* UserController.swift in Sources */ = {isa = PBXBuildFile; fileRef = 1718D1CD1CFD9F070025A3E1 /* UserController.swift */; };
		1718D1D11CFDC9640025A3E1 /* LoggedInViewController.swift in Sources */ = {isa = PBXBuildFile; fileRef = 1718D1CF1CFDC9640025A3E1 /* LoggedInViewController.swift */; };
		1718D1D21CFDC9640025A3E1 /* LoggedInViewController.xib in Resources */ = {isa = PBXBuildFile; fileRef = 1718D1D01CFDC9640025A3E1 /* LoggedInViewController.xib */; };
/* End PBXBuildFile section */

/* Begin PBXContainerItemProxy section */
		1718D1A31CFD96060025A3E1 /* PBXContainerItemProxy */ = {
			isa = PBXContainerItemProxy;
			containerPortal = 1718D1861CFD96060025A3E1 /* Project object */;
			proxyType = 1;
			remoteGlobalIDString = 1718D18D1CFD96060025A3E1;
			remoteInfo = "Onboarding App";
		};
		1718D1AE1CFD96060025A3E1 /* PBXContainerItemProxy */ = {
			isa = PBXContainerItemProxy;
			containerPortal = 1718D1861CFD96060025A3E1 /* Project object */;
			proxyType = 1;
			remoteGlobalIDString = 1718D18D1CFD96060025A3E1;
			remoteInfo = "Onboarding App";
		};
/* End PBXContainerItemProxy section */

/* Begin PBXFileReference section */
		1718D18E1CFD96060025A3E1 /* Onboarding App.app */ = {isa = PBXFileReference; explicitFileType = wrapper.application; includeInIndex = 0; path = "Onboarding App.app"; sourceTree = BUILT_PRODUCTS_DIR; };
		1718D1911CFD96060025A3E1 /* AppDelegate.swift */ = {isa = PBXFileReference; lastKnownFileType = sourcecode.swift; path = AppDelegate.swift; sourceTree = "<group>"; };
		1718D1931CFD96060025A3E1 /* ViewController.swift */ = {isa = PBXFileReference; lastKnownFileType = sourcecode.swift; path = ViewController.swift; sourceTree = "<group>"; };
		1718D1981CFD96060025A3E1 /* Assets.xcassets */ = {isa = PBXFileReference; lastKnownFileType = folder.assetcatalog; path = Assets.xcassets; sourceTree = "<group>"; };
		1718D19B1CFD96060025A3E1 /* Base */ = {isa = PBXFileReference; lastKnownFileType = file.storyboard; name = Base; path = Base.lproj/LaunchScreen.storyboard; sourceTree = "<group>"; };
		1718D19D1CFD96060025A3E1 /* Info.plist */ = {isa = PBXFileReference; lastKnownFileType = text.plist.xml; path = Info.plist; sourceTree = "<group>"; };
		1718D1A21CFD96060025A3E1 /* Onboarding AppTests.xctest */ = {isa = PBXFileReference; explicitFileType = wrapper.cfbundle; includeInIndex = 0; path = "Onboarding AppTests.xctest"; sourceTree = BUILT_PRODUCTS_DIR; };
		1718D1A61CFD96060025A3E1 /* Onboarding_AppTests.swift */ = {isa = PBXFileReference; lastKnownFileType = sourcecode.swift; path = Onboarding_AppTests.swift; sourceTree = "<group>"; };
		1718D1A81CFD96060025A3E1 /* Info.plist */ = {isa = PBXFileReference; lastKnownFileType = text.plist.xml; path = Info.plist; sourceTree = "<group>"; };
		1718D1AD1CFD96060025A3E1 /* Onboarding AppUITests.xctest */ = {isa = PBXFileReference; explicitFileType = wrapper.cfbundle; includeInIndex = 0; path = "Onboarding AppUITests.xctest"; sourceTree = BUILT_PRODUCTS_DIR; };
		1718D1B11CFD96060025A3E1 /* Onboarding_AppUITests.swift */ = {isa = PBXFileReference; lastKnownFileType = sourcecode.swift; path = Onboarding_AppUITests.swift; sourceTree = "<group>"; };
		1718D1B31CFD96060025A3E1 /* Info.plist */ = {isa = PBXFileReference; lastKnownFileType = text.plist.xml; path = Info.plist; sourceTree = "<group>"; };
		1718D1C11CFD969B0025A3E1 /* LandingViewController.swift */ = {isa = PBXFileReference; fileEncoding = 4; lastKnownFileType = sourcecode.swift; path = LandingViewController.swift; sourceTree = "<group>"; };
		1718D1C21CFD969B0025A3E1 /* LandingViewController.xib */ = {isa = PBXFileReference; fileEncoding = 4; lastKnownFileType = file.xib; path = LandingViewController.xib; sourceTree = "<group>"; };
		1718D1C51CFD98AA0025A3E1 /* LoginViewController.swift */ = {isa = PBXFileReference; fileEncoding = 4; lastKnownFileType = sourcecode.swift; path = LoginViewController.swift; sourceTree = "<group>"; };
		1718D1C61CFD98AA0025A3E1 /* LoginViewController.xib */ = {isa = PBXFileReference; fileEncoding = 4; lastKnownFileType = file.xib; path = LoginViewController.xib; sourceTree = "<group>"; };
		1718D1C91CFD98C10025A3E1 /* RegistrationViewController.swift */ = {isa = PBXFileReference; fileEncoding = 4; lastKnownFileType = sourcecode.swift; path = RegistrationViewController.swift; sourceTree = "<group>"; };
		1718D1CA1CFD98C10025A3E1 /* RegistrationViewController.xib */ = {isa = PBXFileReference; fileEncoding = 4; lastKnownFileType = file.xib; path = RegistrationViewController.xib; sourceTree = "<group>"; };
		1718D1CD1CFD9F070025A3E1 /* UserController.swift */ = {isa = PBXFileReference; fileEncoding = 4; lastKnownFileType = sourcecode.swift; path = UserController.swift; sourceTree = "<group>"; };
		1718D1CF1CFDC9640025A3E1 /* LoggedInViewController.swift */ = {isa = PBXFileReference; fileEncoding = 4; lastKnownFileType = sourcecode.swift; path = LoggedInViewController.swift; sourceTree = "<group>"; };
		1718D1D01CFDC9640025A3E1 /* LoggedInViewController.xib */ = {isa = PBXFileReference; fileEncoding = 4; lastKnownFileType = file.xib; path = LoggedInViewController.xib; sourceTree = "<group>"; };
/* End PBXFileReference section */

/* Begin PBXFrameworksBuildPhase section */
		1718D18B1CFD96060025A3E1 /* Frameworks */ = {
			isa = PBXFrameworksBuildPhase;
			buildActionMask = 2147483647;
			files = (
			);
			runOnlyForDeploymentPostprocessing = 0;
		};
		1718D19F1CFD96060025A3E1 /* Frameworks */ = {
			isa = PBXFrameworksBuildPhase;
			buildActionMask = 2147483647;
			files = (
			);
			runOnlyForDeploymentPostprocessing = 0;
		};
		1718D1AA1CFD96060025A3E1 /* Frameworks */ = {
			isa = PBXFrameworksBuildPhase;
			buildActionMask = 2147483647;
			files = (
			);
			runOnlyForDeploymentPostprocessing = 0;
		};
/* End PBXFrameworksBuildPhase section */

/* Begin PBXGroup section */
		1718D1851CFD96060025A3E1 = {
			isa = PBXGroup;
			children = (
				1718D1901CFD96060025A3E1 /* Onboarding App */,
				1718D1A51CFD96060025A3E1 /* Onboarding AppTests */,
				1718D1B01CFD96060025A3E1 /* Onboarding AppUITests */,
				1718D18F1CFD96060025A3E1 /* Products */,
			);
			sourceTree = "<group>";
		};
		1718D18F1CFD96060025A3E1 /* Products */ = {
			isa = PBXGroup;
			children = (
				1718D18E1CFD96060025A3E1 /* Onboarding App.app */,
				1718D1A21CFD96060025A3E1 /* Onboarding AppTests.xctest */,
				1718D1AD1CFD96060025A3E1 /* Onboarding AppUITests.xctest */,
			);
			name = Products;
			sourceTree = "<group>";
		};
		1718D1901CFD96060025A3E1 /* Onboarding App */ = {
			isa = PBXGroup;
			children = (
				1718D1C01CFD965B0025A3E1 /* LoggedIn */,
				1718D1BF1CFD96510025A3E1 /* Authentication */,
				1718D1911CFD96060025A3E1 /* AppDelegate.swift */,
				1718D1931CFD96060025A3E1 /* ViewController.swift */,
				1718D1981CFD96060025A3E1 /* Assets.xcassets */,
				1718D19A1CFD96060025A3E1 /* LaunchScreen.storyboard */,
				1718D19D1CFD96060025A3E1 /* Info.plist */,
				1718D1CD1CFD9F070025A3E1 /* UserController.swift */,
			);
			path = "Onboarding App";
			sourceTree = "<group>";
		};
		1718D1A51CFD96060025A3E1 /* Onboarding AppTests */ = {
			isa = PBXGroup;
			children = (
				1718D1A61CFD96060025A3E1 /* Onboarding_AppTests.swift */,
				1718D1A81CFD96060025A3E1 /* Info.plist */,
			);
			path = "Onboarding AppTests";
			sourceTree = "<group>";
		};
		1718D1B01CFD96060025A3E1 /* Onboarding AppUITests */ = {
			isa = PBXGroup;
			children = (
				1718D1B11CFD96060025A3E1 /* Onboarding_AppUITests.swift */,
				1718D1B31CFD96060025A3E1 /* Info.plist */,
			);
			path = "Onboarding AppUITests";
			sourceTree = "<group>";
		};
		1718D1BF1CFD96510025A3E1 /* Authentication */ = {
			isa = PBXGroup;
			children = (
				1718D1C11CFD969B0025A3E1 /* LandingViewController.swift */,
				1718D1C21CFD969B0025A3E1 /* LandingViewController.xib */,
				1718D1C51CFD98AA0025A3E1 /* LoginViewController.swift */,
				1718D1C61CFD98AA0025A3E1 /* LoginViewController.xib */,
				1718D1C91CFD98C10025A3E1 /* RegistrationViewController.swift */,
				1718D1CA1CFD98C10025A3E1 /* RegistrationViewController.xib */,
			);
			name = Authentication;
			sourceTree = "<group>";
		};
		1718D1C01CFD965B0025A3E1 /* LoggedIn */ = {
			isa = PBXGroup;
			children = (
				1718D1CF1CFDC9640025A3E1 /* LoggedInViewController.swift */,
				1718D1D01CFDC9640025A3E1 /* LoggedInViewController.xib */,
			);
			name = LoggedIn;
			sourceTree = "<group>";
		};
/* End PBXGroup section */

/* Begin PBXNativeTarget section */
		1718D18D1CFD96060025A3E1 /* Onboarding App */ = {
			isa = PBXNativeTarget;
			buildConfigurationList = 1718D1B61CFD96060025A3E1 /* Build configuration list for PBXNativeTarget "Onboarding App" */;
			buildPhases = (
				1718D18A1CFD96060025A3E1 /* Sources */,
				1718D18B1CFD96060025A3E1 /* Frameworks */,
				1718D18C1CFD96060025A3E1 /* Resources */,
			);
			buildRules = (
			);
			dependencies = (
			);
			name = "Onboarding App";
			productName = "Onboarding App";
			productReference = 1718D18E1CFD96060025A3E1 /* Onboarding App.app */;
			productType = "com.apple.product-type.application";
		};
		1718D1A11CFD96060025A3E1 /* Onboarding AppTests */ = {
			isa = PBXNativeTarget;
			buildConfigurationList = 1718D1B91CFD96060025A3E1 /* Build configuration list for PBXNativeTarget "Onboarding AppTests" */;
			buildPhases = (
				1718D19E1CFD96060025A3E1 /* Sources */,
				1718D19F1CFD96060025A3E1 /* Frameworks */,
				1718D1A01CFD96060025A3E1 /* Resources */,
			);
			buildRules = (
			);
			dependencies = (
				1718D1A41CFD96060025A3E1 /* PBXTargetDependency */,
			);
			name = "Onboarding AppTests";
			productName = "Onboarding AppTests";
			productReference = 1718D1A21CFD96060025A3E1 /* Onboarding AppTests.xctest */;
			productType = "com.apple.product-type.bundle.unit-test";
		};
		1718D1AC1CFD96060025A3E1 /* Onboarding AppUITests */ = {
			isa = PBXNativeTarget;
			buildConfigurationList = 1718D1BC1CFD96060025A3E1 /* Build configuration list for PBXNativeTarget "Onboarding AppUITests" */;
			buildPhases = (
				1718D1A91CFD96060025A3E1 /* Sources */,
				1718D1AA1CFD96060025A3E1 /* Frameworks */,
				1718D1AB1CFD96060025A3E1 /* Resources */,
			);
			buildRules = (
			);
			dependencies = (
				1718D1AF1CFD96060025A3E1 /* PBXTargetDependency */,
			);
			name = "Onboarding AppUITests";
			productName = "Onboarding AppUITests";
			productReference = 1718D1AD1CFD96060025A3E1 /* Onboarding AppUITests.xctest */;
			productType = "com.apple.product-type.bundle.ui-testing";
		};
/* End PBXNativeTarget section */

/* Begin PBXProject section */
		1718D1861CFD96060025A3E1 /* Project object */ = {
			isa = PBXProject;
			attributes = {
				LastSwiftUpdateCheck = 0730;
				LastUpgradeCheck = 0730;
				ORGANIZATIONNAME = "Jordan Donald";
				TargetAttributes = {
					1718D18D1CFD96060025A3E1 = {
						CreatedOnToolsVersion = 7.3.1;
					};
					1718D1A11CFD96060025A3E1 = {
						CreatedOnToolsVersion = 7.3.1;
						TestTargetID = 1718D18D1CFD96060025A3E1;
					};
					1718D1AC1CFD96060025A3E1 = {
						CreatedOnToolsVersion = 7.3.1;
						TestTargetID = 1718D18D1CFD96060025A3E1;
					};
				};
			};
			buildConfigurationList = 1718D1891CFD96060025A3E1 /* Build configuration list for PBXProject "Onboarding App" */;
			compatibilityVersion = "Xcode 3.2";
			developmentRegion = English;
			hasScannedForEncodings = 0;
			knownRegions = (
				en,
				Base,
			);
			mainGroup = 1718D1851CFD96060025A3E1;
			productRefGroup = 1718D18F1CFD96060025A3E1 /* Products */;
			projectDirPath = "";
			projectRoot = "";
			targets = (
				1718D18D1CFD96060025A3E1 /* Onboarding App */,
				1718D1A11CFD96060025A3E1 /* Onboarding AppTests */,
				1718D1AC1CFD96060025A3E1 /* Onboarding AppUITests */,
			);
		};
/* End PBXProject section */

/* Begin PBXResourcesBuildPhase section */
		1718D18C1CFD96060025A3E1 /* Resources */ = {
			isa = PBXResourcesBuildPhase;
			buildActionMask = 2147483647;
			files = (
				1718D1CC1CFD98C10025A3E1 /* RegistrationViewController.xib in Resources */,
				1718D1C81CFD98AA0025A3E1 /* LoginViewController.xib in Resources */,
				1718D1C41CFD969B0025A3E1 /* LandingViewController.xib in Resources */,
				1718D1D21CFDC9640025A3E1 /* LoggedInViewController.xib in Resources */,
				1718D19C1CFD96060025A3E1 /* LaunchScreen.storyboard in Resources */,
				1718D1991CFD96060025A3E1 /* Assets.xcassets in Resources */,
			);
			runOnlyForDeploymentPostprocessing = 0;
		};
		1718D1A01CFD96060025A3E1 /* Resources */ = {
			isa = PBXResourcesBuildPhase;
			buildActionMask = 2147483647;
			files = (
			);
			runOnlyForDeploymentPostprocessing = 0;
		};
		1718D1AB1CFD96060025A3E1 /* Resources */ = {
			isa = PBXResourcesBuildPhase;
			buildActionMask = 2147483647;
			files = (
			);
			runOnlyForDeploymentPostprocessing = 0;
		};
/* End PBXResourcesBuildPhase section */

/* Begin PBXSourcesBuildPhase section */
		1718D18A1CFD96060025A3E1 /* Sources */ = {
			isa = PBXSourcesBuildPhase;
			buildActionMask = 2147483647;
			files = (
				1718D1CE1CFD9F070025A3E1 /* UserController.swift in Sources */,
				1718D1C71CFD98AA0025A3E1 /* LoginViewController.swift in Sources */,
				1718D1941CFD96060025A3E1 /* ViewController.swift in Sources */,
				1718D1C31CFD969B0025A3E1 /* LandingViewController.swift in Sources */,
				1718D1921CFD96060025A3E1 /* AppDelegate.swift in Sources */,
				1718D1D11CFDC9640025A3E1 /* LoggedInViewController.swift in Sources */,
				1718D1CB1CFD98C10025A3E1 /* RegistrationViewController.swift in Sources */,
			);
			runOnlyForDeploymentPostprocessing = 0;
		};
		1718D19E1CFD96060025A3E1 /* Sources */ = {
			isa = PBXSourcesBuildPhase;
			buildActionMask = 2147483647;
			files = (
				1718D1A71CFD96060025A3E1 /* Onboarding_AppTests.swift in Sources */,
			);
			runOnlyForDeploymentPostprocessing = 0;
		};
		1718D1A91CFD96060025A3E1 /* Sources */ = {
			isa = PBXSourcesBuildPhase;
			buildActionMask = 2147483647;
			files = (
				1718D1B21CFD96060025A3E1 /* Onboarding_AppUITests.swift in Sources */,
			);
			runOnlyForDeploymentPostprocessing = 0;
		};
/* End PBXSourcesBuildPhase section */

/* Begin PBXTargetDependency section */
		1718D1A41CFD96060025A3E1 /* PBXTargetDependency */ = {
			isa = PBXTargetDependency;
			target = 1718D18D1CFD96060025A3E1 /* Onboarding App */;
			targetProxy = 1718D1A31CFD96060025A3E1 /* PBXContainerItemProxy */;
		};
		1718D1AF1CFD96060025A3E1 /* PBXTargetDependency */ = {
			isa = PBXTargetDependency;
			target = 1718D18D1CFD96060025A3E1 /* Onboarding App */;
			targetProxy = 1718D1AE1CFD96060025A3E1 /* PBXContainerItemProxy */;
		};
/* End PBXTargetDependency section */

/* Begin PBXVariantGroup section */
		1718D19A1CFD96060025A3E1 /* LaunchScreen.storyboard */ = {
			isa = PBXVariantGroup;
			children = (
				1718D19B1CFD96060025A3E1 /* Base */,
			);
			name = LaunchScreen.storyboard;
			sourceTree = "<group>";
		};
/* End PBXVariantGroup section */

/* Begin XCBuildConfiguration section */
		1718D1B41CFD96060025A3E1 /* Debug */ = {
			isa = XCBuildConfiguration;
			buildSettings = {
				ALWAYS_SEARCH_USER_PATHS = NO;
				CLANG_ANALYZER_NONNULL = YES;
				CLANG_CXX_LANGUAGE_STANDARD = "gnu++0x";
				CLANG_CXX_LIBRARY = "libc++";
				CLANG_ENABLE_MODULES = YES;
				CLANG_ENABLE_OBJC_ARC = YES;
				CLANG_WARN_BOOL_CONVERSION = YES;
				CLANG_WARN_CONSTANT_CONVERSION = YES;
				CLANG_WARN_DIRECT_OBJC_ISA_USAGE = YES_ERROR;
				CLANG_WARN_EMPTY_BODY = YES;
				CLANG_WARN_ENUM_CONVERSION = YES;
				CLANG_WARN_INT_CONVERSION = YES;
				CLANG_WARN_OBJC_ROOT_CLASS = YES_ERROR;
				CLANG_WARN_UNREACHABLE_CODE = YES;
				CLANG_WARN__DUPLICATE_METHOD_MATCH = YES;
				"CODE_SIGN_IDENTITY[sdk=iphoneos*]" = "iPhone Developer";
				COPY_PHASE_STRIP = NO;
				DEBUG_INFORMATION_FORMAT = dwarf;
				ENABLE_STRICT_OBJC_MSGSEND = YES;
				ENABLE_TESTABILITY = YES;
				GCC_C_LANGUAGE_STANDARD = gnu99;
				GCC_DYNAMIC_NO_PIC = NO;
				GCC_NO_COMMON_BLOCKS = YES;
				GCC_OPTIMIZATION_LEVEL = 0;
				GCC_PREPROCESSOR_DEFINITIONS = (
					"DEBUG=1",
					"$(inherited)",
				);
				GCC_WARN_64_TO_32_BIT_CONVERSION = YES;
				GCC_WARN_ABOUT_RETURN_TYPE = YES_ERROR;
				GCC_WARN_UNDECLARED_SELECTOR = YES;
				GCC_WARN_UNINITIALIZED_AUTOS = YES_AGGRESSIVE;
				GCC_WARN_UNUSED_FUNCTION = YES;
				GCC_WARN_UNUSED_VARIABLE = YES;
				IPHONEOS_DEPLOYMENT_TARGET = 9.3;
				MTL_ENABLE_DEBUG_INFO = YES;
				ONLY_ACTIVE_ARCH = YES;
				SDKROOT = iphoneos;
				SWIFT_OPTIMIZATION_LEVEL = "-Onone";
			};
			name = Debug;
		};
		1718D1B51CFD96060025A3E1 /* Release */ = {
			isa = XCBuildConfiguration;
			buildSettings = {
				ALWAYS_SEARCH_USER_PATHS = NO;
				CLANG_ANALYZER_NONNULL = YES;
				CLANG_CXX_LANGUAGE_STANDARD = "gnu++0x";
				CLANG_CXX_LIBRARY = "libc++";
				CLANG_ENABLE_MODULES = YES;
				CLANG_ENABLE_OBJC_ARC = YES;
				CLANG_WARN_BOOL_CONVERSION = YES;
				CLANG_WARN_CONSTANT_CONVERSION = YES;
				CLANG_WARN_DIRECT_OBJC_ISA_USAGE = YES_ERROR;
				CLANG_WARN_EMPTY_BODY = YES;
				CLANG_WARN_ENUM_CONVERSION = YES;
				CLANG_WARN_INT_CONVERSION = YES;
				CLANG_WARN_OBJC_ROOT_CLASS = YES_ERROR;
				CLANG_WARN_UNREACHABLE_CODE = YES;
				CLANG_WARN__DUPLICATE_METHOD_MATCH = YES;
				"CODE_SIGN_IDENTITY[sdk=iphoneos*]" = "iPhone Developer";
				COPY_PHASE_STRIP = NO;
				DEBUG_INFORMATION_FORMAT = "dwarf-with-dsym";
				ENABLE_NS_ASSERTIONS = NO;
				ENABLE_STRICT_OBJC_MSGSEND = YES;
				GCC_C_LANGUAGE_STANDARD = gnu99;
				GCC_NO_COMMON_BLOCKS = YES;
				GCC_WARN_64_TO_32_BIT_CONVERSION = YES;
				GCC_WARN_ABOUT_RETURN_TYPE = YES_ERROR;
				GCC_WARN_UNDECLARED_SELECTOR = YES;
				GCC_WARN_UNINITIALIZED_AUTOS = YES_AGGRESSIVE;
				GCC_WARN_UNUSED_FUNCTION = YES;
				GCC_WARN_UNUSED_VARIABLE = YES;
				IPHONEOS_DEPLOYMENT_TARGET = 9.3;
				MTL_ENABLE_DEBUG_INFO = NO;
				SDKROOT = iphoneos;
				VALIDATE_PRODUCT = YES;
			};
			name = Release;
		};
		1718D1B71CFD96060025A3E1 /* Debug */ = {
			isa = XCBuildConfiguration;
			buildSettings = {
				ASSETCATALOG_COMPILER_APPICON_NAME = AppIcon;
				INFOPLIST_FILE = "Onboarding App/Info.plist";
				LD_RUNPATH_SEARCH_PATHS = "$(inherited) @executable_path/Frameworks";
				PRODUCT_BUNDLE_IDENTIFIER = "JD.Onboarding-App";
				PRODUCT_NAME = "$(TARGET_NAME)";
			};
			name = Debug;
		};
		1718D1B81CFD96060025A3E1 /* Release */ = {
			isa = XCBuildConfiguration;
			buildSettings = {
				ASSETCATALOG_COMPILER_APPICON_NAME = AppIcon;
				INFOPLIST_FILE = "Onboarding App/Info.plist";
				LD_RUNPATH_SEARCH_PATHS = "$(inherited) @executable_path/Frameworks";
				PRODUCT_BUNDLE_IDENTIFIER = "JD.Onboarding-App";
				PRODUCT_NAME = "$(TARGET_NAME)";
			};
			name = Release;
		};
		1718D1BA1CFD96060025A3E1 /* Debug */ = {
			isa = XCBuildConfiguration;
			buildSettings = {
				BUNDLE_LOADER = "$(TEST_HOST)";
				INFOPLIST_FILE = "Onboarding AppTests/Info.plist";
				LD_RUNPATH_SEARCH_PATHS = "$(inherited) @executable_path/Frameworks @loader_path/Frameworks";
				PRODUCT_BUNDLE_IDENTIFIER = "JD.Onboarding-AppTests";
				PRODUCT_NAME = "$(TARGET_NAME)";
				TEST_HOST = "$(BUILT_PRODUCTS_DIR)/Onboarding App.app/Onboarding App";
			};
			name = Debug;
		};
		1718D1BB1CFD96060025A3E1 /* Release */ = {
			isa = XCBuildConfiguration;
			buildSettings = {
				BUNDLE_LOADER = "$(TEST_HOST)";
				INFOPLIST_FILE = "Onboarding AppTests/Info.plist";
				LD_RUNPATH_SEARCH_PATHS = "$(inherited) @executable_path/Frameworks @loader_path/Frameworks";
				PRODUCT_BUNDLE_IDENTIFIER = "JD.Onboarding-AppTests";
				PRODUCT_NAME = "$(TARGET_NAME)";
				TEST_HOST = "$(BUILT_PRODUCTS_DIR)/Onboarding App.app/Onboarding App";
			};
			name = Release;
		};
		1718D1BD1CFD96060025A3E1 /* Debug */ = {
			isa = XCBuildConfiguration;
			buildSettings = {
				INFOPLIST_FILE = "Onboarding AppUITests/Info.plist";
				LD_RUNPATH_SEARCH_PATHS = "$(inherited) @executable_path/Frameworks @loader_path/Frameworks";
				PRODUCT_BUNDLE_IDENTIFIER = "JD.Onboarding-AppUITests";
				PRODUCT_NAME = "$(TARGET_NAME)";
				TEST_TARGET_NAME = "Onboarding App";
			};
			name = Debug;
		};
		1718D1BE1CFD96060025A3E1 /* Release */ = {
			isa = XCBuildConfiguration;
			buildSettings = {
				INFOPLIST_FILE = "Onboarding AppUITests/Info.plist";
				LD_RUNPATH_SEARCH_PATHS = "$(inherited) @executable_path/Frameworks @loader_path/Frameworks";
				PRODUCT_BUNDLE_IDENTIFIER = "JD.Onboarding-AppUITests";
				PRODUCT_NAME = "$(TARGET_NAME)";
				TEST_TARGET_NAME = "Onboarding App";
			};
			name = Release;
		};
/* End XCBuildConfiguration section */

/* Begin XCConfigurationList section */
		1718D1891CFD96060025A3E1 /* Build configuration list for PBXProject "Onboarding App" */ = {
			isa = XCConfigurationList;
			buildConfigurations = (
				1718D1B41CFD96060025A3E1 /* Debug */,
				1718D1B51CFD96060025A3E1 /* Release */,
			);
			defaultConfigurationIsVisible = 0;
			defaultConfigurationName = Release;
		};
		1718D1B61CFD96060025A3E1 /* Build configuration list for PBXNativeTarget "Onboarding App" */ = {
			isa = XCConfigurationList;
			buildConfigurations = (
				1718D1B71CFD96060025A3E1 /* Debug */,
				1718D1B81CFD96060025A3E1 /* Release */,
			);
			defaultConfigurationIsVisible = 0;
		};
		1718D1B91CFD96060025A3E1 /* Build configuration list for PBXNativeTarget "Onboarding AppTests" */ = {
			isa = XCConfigurationList;
			buildConfigurations = (
				1718D1BA1CFD96060025A3E1 /* Debug */,
				1718D1BB1CFD96060025A3E1 /* Release */,
			);
			defaultConfigurationIsVisible = 0;
		};
		1718D1BC1CFD96060025A3E1 /* Build configuration list for PBXNativeTarget "Onboarding AppUITests" */ = {
			isa = XCConfigurationList;
			buildConfigurations = (
				1718D1BD1CFD96060025A3E1 /* Debug */,
				1718D1BE1CFD96060025A3E1 /* Release */,
			);
			defaultConfigurationIsVisible = 0;
		};
/* End XCConfigurationList section */
	};
	rootObject = 1718D1861CFD96060025A3E1 /* Project object */;
}
